// !$*UTF8*$!
{
	archiveVersion = 1;
	classes = {
	};
	objectVersion = 46;
	objects = {

/* Begin PBXBuildFile section */
		5A9C50F01DAF1C2100A42D28 /* AppDelegate.swift in Sources */ = {isa = PBXBuildFile; fileRef = 5A9C50EF1DAF1C2100A42D28 /* AppDelegate.swift */; };
		5A9C50F51DAF1C2100A42D28 /* Main.storyboard in Resources */ = {isa = PBXBuildFile; fileRef = 5A9C50F31DAF1C2100A42D28 /* Main.storyboard */; };
		5A9C50F71DAF1C2100A42D28 /* Assets.xcassets in Resources */ = {isa = PBXBuildFile; fileRef = 5A9C50F61DAF1C2100A42D28 /* Assets.xcassets */; };
		5A9C50FA1DAF1C2100A42D28 /* LaunchScreen.storyboard in Resources */ = {isa = PBXBuildFile; fileRef = 5A9C50F81DAF1C2100A42D28 /* LaunchScreen.storyboard */; };
		5A9C51021DAF1DCE00A42D28 /* MoviesViewController.swift in Sources */ = {isa = PBXBuildFile; fileRef = 5A9C51011DAF1DCD00A42D28 /* MoviesViewController.swift */; };
		5A9C51041DAF1FF500A42D28 /* MovieCell.swift in Sources */ = {isa = PBXBuildFile; fileRef = 5A9C51031DAF1FF500A42D28 /* MovieCell.swift */; };
		5A9C51061DAF236E00A42D28 /* Constant.swift in Sources */ = {isa = PBXBuildFile; fileRef = 5A9C51051DAF236E00A42D28 /* Constant.swift */; };
		5A9C51081DAF255600A42D28 /* Movie.swift in Sources */ = {isa = PBXBuildFile; fileRef = 5A9C51071DAF255600A42D28 /* Movie.swift */; };
		5A9C510C1DAF481500A42D28 /* DetailsViewController.swift in Sources */ = {isa = PBXBuildFile; fileRef = 5A9C510B1DAF481500A42D28 /* DetailsViewController.swift */; };
		7C698E050CBAB1CBA95DE2E1 /* Pods_Flicks.framework in Frameworks */ = {isa = PBXBuildFile; fileRef = 97ECD4A77DE1AD032EB9B3D6 /* Pods_Flicks.framework */; };
/* End PBXBuildFile section */

/* Begin PBXFileReference section */
		535159607924D8124A7AFD59 /* Pods-Flicks.release.xcconfig */ = {isa = PBXFileReference; includeInIndex = 1; lastKnownFileType = text.xcconfig; name = "Pods-Flicks.release.xcconfig"; path = "Pods/Target Support Files/Pods-Flicks/Pods-Flicks.release.xcconfig"; sourceTree = "<group>"; };
		538F2956EA86AE5CC225C8A4 /* Pods-Flicks.debug.xcconfig */ = {isa = PBXFileReference; includeInIndex = 1; lastKnownFileType = text.xcconfig; name = "Pods-Flicks.debug.xcconfig"; path = "Pods/Target Support Files/Pods-Flicks/Pods-Flicks.debug.xcconfig"; sourceTree = "<group>"; };
		5A9C50EC1DAF1C2100A42D28 /* Flicks.app */ = {isa = PBXFileReference; explicitFileType = wrapper.application; includeInIndex = 0; path = Flicks.app; sourceTree = BUILT_PRODUCTS_DIR; };
		5A9C50EF1DAF1C2100A42D28 /* AppDelegate.swift */ = {isa = PBXFileReference; lastKnownFileType = sourcecode.swift; path = AppDelegate.swift; sourceTree = "<group>"; };
		5A9C50F41DAF1C2100A42D28 /* Base */ = {isa = PBXFileReference; lastKnownFileType = file.storyboard; name = Base; path = Base.lproj/Main.storyboard; sourceTree = "<group>"; };
		5A9C50F61DAF1C2100A42D28 /* Assets.xcassets */ = {isa = PBXFileReference; lastKnownFileType = folder.assetcatalog; path = Assets.xcassets; sourceTree = "<group>"; };
		5A9C50F91DAF1C2100A42D28 /* Base */ = {isa = PBXFileReference; lastKnownFileType = file.storyboard; name = Base; path = Base.lproj/LaunchScreen.storyboard; sourceTree = "<group>"; };
		5A9C50FB1DAF1C2100A42D28 /* Info.plist */ = {isa = PBXFileReference; lastKnownFileType = text.plist.xml; path = Info.plist; sourceTree = "<group>"; };
		5A9C51011DAF1DCD00A42D28 /* MoviesViewController.swift */ = {isa = PBXFileReference; fileEncoding = 4; lastKnownFileType = sourcecode.swift; path = MoviesViewController.swift; sourceTree = "<group>"; };
		5A9C51031DAF1FF500A42D28 /* MovieCell.swift */ = {isa = PBXFileReference; fileEncoding = 4; lastKnownFileType = sourcecode.swift; path = MovieCell.swift; sourceTree = "<group>"; };
		5A9C51051DAF236E00A42D28 /* Constant.swift */ = {isa = PBXFileReference; fileEncoding = 4; lastKnownFileType = sourcecode.swift; path = Constant.swift; sourceTree = "<group>"; };
		5A9C51071DAF255600A42D28 /* Movie.swift */ = {isa = PBXFileReference; fileEncoding = 4; lastKnownFileType = sourcecode.swift; path = Movie.swift; sourceTree = "<group>"; };
		5A9C510B1DAF481500A42D28 /* DetailsViewController.swift */ = {isa = PBXFileReference; fileEncoding = 4; lastKnownFileType = sourcecode.swift; path = DetailsViewController.swift; sourceTree = "<group>"; };
		97ECD4A77DE1AD032EB9B3D6 /* Pods_Flicks.framework */ = {isa = PBXFileReference; explicitFileType = wrapper.framework; includeInIndex = 0; path = Pods_Flicks.framework; sourceTree = BUILT_PRODUCTS_DIR; };
/* End PBXFileReference section */

/* Begin PBXFrameworksBuildPhase section */
		5A9C50E91DAF1C2100A42D28 /* Frameworks */ = {
			isa = PBXFrameworksBuildPhase;
			buildActionMask = 2147483647;
			files = (
				7C698E050CBAB1CBA95DE2E1 /* Pods_Flicks.framework in Frameworks */,
			);
			runOnlyForDeploymentPostprocessing = 0;
		};
/* End PBXFrameworksBuildPhase section */

/* Begin PBXGroup section */
		0CBDBB50184B66392A83A229 /* Frameworks */ = {
			isa = PBXGroup;
			children = (
				97ECD4A77DE1AD032EB9B3D6 /* Pods_Flicks.framework */,
			);
			name = Frameworks;
			sourceTree = "<group>";
		};
		23A11826427E613DC2DC25A4 /* Pods */ = {
			isa = PBXGroup;
			children = (
				538F2956EA86AE5CC225C8A4 /* Pods-Flicks.debug.xcconfig */,
				535159607924D8124A7AFD59 /* Pods-Flicks.release.xcconfig */,
			);
			name = Pods;
			sourceTree = "<group>";
		};
		5A9C50E31DAF1C2100A42D28 = {
			isa = PBXGroup;
			children = (
				5A9C50EE1DAF1C2100A42D28 /* Flicks */,
				5A9C50ED1DAF1C2100A42D28 /* Products */,
				23A11826427E613DC2DC25A4 /* Pods */,
				0CBDBB50184B66392A83A229 /* Frameworks */,
			);
			sourceTree = "<group>";
		};
		5A9C50ED1DAF1C2100A42D28 /* Products */ = {
			isa = PBXGroup;
			children = (
				5A9C50EC1DAF1C2100A42D28 /* Flicks.app */,
			);
			name = Products;
			sourceTree = "<group>";
		};
		5A9C50EE1DAF1C2100A42D28 /* Flicks */ = {
			isa = PBXGroup;
			children = (
				5A9C510D1DAF743600A42D28 /* Models */,
				5A9C50EF1DAF1C2100A42D28 /* AppDelegate.swift */,
				5A9C50F31DAF1C2100A42D28 /* Main.storyboard */,
				5A9C50F61DAF1C2100A42D28 /* Assets.xcassets */,
				5A9C50F81DAF1C2100A42D28 /* LaunchScreen.storyboard */,
				5A9C50FB1DAF1C2100A42D28 /* Info.plist */,
				5A9C51011DAF1DCD00A42D28 /* MoviesViewController.swift */,
				5A9C51031DAF1FF500A42D28 /* MovieCell.swift */,
				5A9C51051DAF236E00A42D28 /* Constant.swift */,
				5A9C510B1DAF481500A42D28 /* DetailsViewController.swift */,
			);
			path = Flicks;
			sourceTree = "<group>";
		};
		5A9C510D1DAF743600A42D28 /* Models */ = {
			isa = PBXGroup;
			children = (
				5A9C51071DAF255600A42D28 /* Movie.swift */,
			);
			name = Models;
			sourceTree = "<group>";
		};
/* End PBXGroup section */

/* Begin PBXNativeTarget section */
		5A9C50EB1DAF1C2100A42D28 /* Flicks */ = {
			isa = PBXNativeTarget;
			buildConfigurationList = 5A9C50FE1DAF1C2100A42D28 /* Build configuration list for PBXNativeTarget "Flicks" */;
			buildPhases = (
				342FD5F0D72CA6615D404BD1 /* [CP] Check Pods Manifest.lock */,
				5A9C50E81DAF1C2100A42D28 /* Sources */,
				5A9C50E91DAF1C2100A42D28 /* Frameworks */,
				5A9C50EA1DAF1C2100A42D28 /* Resources */,
				68EAC894B6B05CB797877F34 /* [CP] Embed Pods Frameworks */,
				D8A7A1FEDE72A00644BFD39A /* [CP] Copy Pods Resources */,
			);
			buildRules = (
			);
			dependencies = (
			);
			name = Flicks;
			productName = Flicks;
			productReference = 5A9C50EC1DAF1C2100A42D28 /* Flicks.app */;
			productType = "com.apple.product-type.application";
		};
/* End PBXNativeTarget section */

/* Begin PBXProject section */
		5A9C50E41DAF1C2100A42D28 /* Project object */ = {
			isa = PBXProject;
			attributes = {
				LastSwiftUpdateCheck = 0800;
				LastUpgradeCheck = 0800;
				ORGANIZATIONNAME = "Quoc Huy Ngo";
				TargetAttributes = {
					5A9C50EB1DAF1C2100A42D28 = {
						CreatedOnToolsVersion = 8.0;
						ProvisioningStyle = Automatic;
					};
				};
			};
			buildConfigurationList = 5A9C50E71DAF1C2100A42D28 /* Build configuration list for PBXProject "Flicks" */;
			compatibilityVersion = "Xcode 3.2";
			developmentRegion = English;
			hasScannedForEncodings = 0;
			knownRegions = (
				en,
				Base,
			);
			mainGroup = 5A9C50E31DAF1C2100A42D28;
			productRefGroup = 5A9C50ED1DAF1C2100A42D28 /* Products */;
			projectDirPath = "";
			projectRoot = "";
			targets = (
				5A9C50EB1DAF1C2100A42D28 /* Flicks */,
			);
		};
/* End PBXProject section */

/* Begin PBXResourcesBuildPhase section */
		5A9C50EA1DAF1C2100A42D28 /* Resources */ = {
			isa = PBXResourcesBuildPhase;
			buildActionMask = 2147483647;
			files = (
				5A9C50FA1DAF1C2100A42D28 /* LaunchScreen.storyboard in Resources */,
				5A9C50F71DAF1C2100A42D28 /* Assets.xcassets in Resources */,
				5A9C50F51DAF1C2100A42D28 /* Main.storyboard in Resources */,
			);
			runOnlyForDeploymentPostprocessing = 0;
		};
/* End PBXResourcesBuildPhase section */

/* Begin PBXShellScriptBuildPhase section */
		342FD5F0D72CA6615D404BD1 /* [CP] Check Pods Manifest.lock */ = {
			isa = PBXShellScriptBuildPhase;
			buildActionMask = 2147483647;
			files = (
			);
			inputPaths = (
			);
			name = "[CP] Check Pods Manifest.lock";
			outputPaths = (
			);
			runOnlyForDeploymentPostprocessing = 0;
			shellPath = /bin/sh;
			shellScript = "diff \"${PODS_ROOT}/../Podfile.lock\" \"${PODS_ROOT}/Manifest.lock\" > /dev/null\nif [[ $? != 0 ]] ; then\n    cat << EOM\nerror: The sandbox is not in sync with the Podfile.lock. Run 'pod install' or update your CocoaPods installation.\nEOM\n    exit 1\nfi\n";
			showEnvVarsInLog = 0;
		};
		68EAC894B6B05CB797877F34 /* [CP] Embed Pods Frameworks */ = {
			isa = PBXShellScriptBuildPhase;
			buildActionMask = 2147483647;
			files = (
			);
			inputPaths = (
			);
			name = "[CP] Embed Pods Frameworks";
			outputPaths = (
			);
			runOnlyForDeploymentPostprocessing = 0;
			shellPath = /bin/sh;
			shellScript = "\"${SRCROOT}/Pods/Target Support Files/Pods-Flicks/Pods-Flicks-frameworks.sh\"\n";
			showEnvVarsInLog = 0;
		};
		D8A7A1FEDE72A00644BFD39A /* [CP] Copy Pods Resources */ = {
			isa = PBXShellScriptBuildPhase;
			buildActionMask = 2147483647;
			files = (
			);
			inputPaths = (
			);
			name = "[CP] Copy Pods Resources";
			outputPaths = (
			);
			runOnlyForDeploymentPostprocessing = 0;
			shellPath = /bin/sh;
			shellScript = "\"${SRCROOT}/Pods/Target Support Files/Pods-Flicks/Pods-Flicks-resources.sh\"\n";
			showEnvVarsInLog = 0;
		};
/* End PBXShellScriptBuildPhase section */

/* Begin PBXSourcesBuildPhase section */
		5A9C50E81DAF1C2100A42D28 /* Sources */ = {
			isa = PBXSourcesBuildPhase;
			buildActionMask = 2147483647;
			files = (
				5A9C50F01DAF1C2100A42D28 /* AppDelegate.swift in Sources */,
				5A9C51021DAF1DCE00A42D28 /* MoviesViewController.swift in Sources */,
				5A9C51041DAF1FF500A42D28 /* MovieCell.swift in Sources */,
				5A9C51061DAF236E00A42D28 /* Constant.swift in Sources */,
				5A9C51081DAF255600A42D28 /* Movie.swift in Sources */,
				5A9C510C1DAF481500A42D28 /* DetailsViewController.swift in Sources */,
			);
			runOnlyForDeploymentPostprocessing = 0;
		};
/* End PBXSourcesBuildPhase section */

/* Begin PBXVariantGroup section */
		5A9C50F31DAF1C2100A42D28 /* Main.storyboard */ = {
			isa = PBXVariantGroup;
			children = (
				5A9C50F41DAF1C2100A42D28 /* Base */,
			);
			name = Main.storyboard;
			sourceTree = "<group>";
		};
		5A9C50F81DAF1C2100A42D28 /* LaunchScreen.storyboard */ = {
			isa = PBXVariantGroup;
			children = (
				5A9C50F91DAF1C2100A42D28 /* Base */,
			);
			name = LaunchScreen.storyboard;
			sourceTree = "<group>";
		};
/* End PBXVariantGroup section */

/* Begin XCBuildConfiguration section */
		5A9C50FC1DAF1C2100A42D28 /* Debug */ = {
			isa = XCBuildConfiguration;
			buildSettings = {
				ALWAYS_SEARCH_USER_PATHS = NO;
				CLANG_ANALYZER_NONNULL = YES;
				CLANG_CXX_LANGUAGE_STANDARD = "gnu++0x";
				CLANG_CXX_LIBRARY = "libc++";
				CLANG_ENABLE_MODULES = YES;
				CLANG_ENABLE_OBJC_ARC = YES;
				CLANG_WARN_BOOL_CONVERSION = YES;
				CLANG_WARN_CONSTANT_CONVERSION = YES;
				CLANG_WARN_DIRECT_OBJC_ISA_USAGE = YES_ERROR;
				CLANG_WARN_DOCUMENTATION_COMMENTS = YES;
				CLANG_WARN_EMPTY_BODY = YES;
				CLANG_WARN_ENUM_CONVERSION = YES;
				CLANG_WARN_INFINITE_RECURSION = YES;
				CLANG_WARN_INT_CONVERSION = YES;
				CLANG_WARN_OBJC_ROOT_CLASS = YES_ERROR;
				CLANG_WARN_SUSPICIOUS_MOVES = YES;
				CLANG_WARN_UNREACHABLE_CODE = YES;
				CLANG_WARN__DUPLICATE_METHOD_MATCH = YES;
				"CODE_SIGN_IDENTITY[sdk=iphoneos*]" = "iPhone Developer";
				COPY_PHASE_STRIP = NO;
				DEBUG_INFORMATION_FORMAT = dwarf;
				ENABLE_STRICT_OBJC_MSGSEND = YES;
				ENABLE_TESTABILITY = YES;
				GCC_C_LANGUAGE_STANDARD = gnu99;
				GCC_DYNAMIC_NO_PIC = NO;
				GCC_NO_COMMON_BLOCKS = YES;
				GCC_OPTIMIZATION_LEVEL = 0;
				GCC_PREPROCESSOR_DEFINITIONS = (
					"DEBUG=1",
					"$(inherited)",
				);
				GCC_WARN_64_TO_32_BIT_CONVERSION = YES;
				GCC_WARN_ABOUT_RETURN_TYPE = YES_ERROR;
				GCC_WARN_UNDECLARED_SELECTOR = YES;
				GCC_WARN_UNINITIALIZED_AUTOS = YES_AGGRESSIVE;
				GCC_WARN_UNUSED_FUNCTION = YES;
				GCC_WARN_UNUSED_VARIABLE = YES;
				IPHONEOS_DEPLOYMENT_TARGET = 10.0;
				MTL_ENABLE_DEBUG_INFO = YES;
				ONLY_ACTIVE_ARCH = YES;
				SDKROOT = iphoneos;
				SWIFT_ACTIVE_COMPILATION_CONDITIONS = DEBUG;
				SWIFT_OPTIMIZATION_LEVEL = "-Onone";
			};
			name = Debug;
		};
		5A9C50FD1DAF1C2100A42D28 /* Release */ = {
			isa = XCBuildConfiguration;
			buildSettings = {
				ALWAYS_SEARCH_USER_PATHS = NO;
				CLANG_ANALYZER_NONNULL = YES;
				CLANG_CXX_LANGUAGE_STANDARD = "gnu++0x";
				CLANG_CXX_LIBRARY = "libc++";
				CLANG_ENABLE_MODULES = YES;
				CLANG_ENABLE_OBJC_ARC = YES;
				CLANG_WARN_BOOL_CONVERSION = YES;
				CLANG_WARN_CONSTANT_CONVERSION = YES;
				CLANG_WARN_DIRECT_OBJC_ISA_USAGE = YES_ERROR;
				CLANG_WARN_DOCUMENTATION_COMMENTS = YES;
				CLANG_WARN_EMPTY_BODY = YES;
				CLANG_WARN_ENUM_CONVERSION = YES;
				CLANG_WARN_INFINITE_RECURSION = YES;
				CLANG_WARN_INT_CONVERSION = YES;
				CLANG_WARN_OBJC_ROOT_CLASS = YES_ERROR;
				CLANG_WARN_SUSPICIOUS_MOVES = YES;
				CLANG_WARN_UNREACHABLE_CODE = YES;
				CLANG_WARN__DUPLICATE_METHOD_MATCH = YES;
				"CODE_SIGN_IDENTITY[sdk=iphoneos*]" = "iPhone Developer";
				COPY_PHASE_STRIP = NO;
				DEBUG_INFORMATION_FORMAT = "dwarf-with-dsym";
				ENABLE_NS_ASSERTIONS = NO;
				ENABLE_STRICT_OBJC_MSGSEND = YES;
				GCC_C_LANGUAGE_STANDARD = gnu99;
				GCC_NO_COMMON_BLOCKS = YES;
				GCC_WARN_64_TO_32_BIT_CONVERSION = YES;
				GCC_WARN_ABOUT_RETURN_TYPE = YES_ERROR;
				GCC_WARN_UNDECLARED_SELECTOR = YES;
				GCC_WARN_UNINITIALIZED_AUTOS = YES_AGGRESSIVE;
				GCC_WARN_UNUSED_FUNCTION = YES;
				GCC_WARN_UNUSED_VARIABLE = YES;
				IPHONEOS_DEPLOYMENT_TARGET = 10.0;
				MTL_ENABLE_DEBUG_INFO = NO;
				SDKROOT = iphoneos;
				SWIFT_OPTIMIZATION_LEVEL = "-Owholemodule";
				VALIDATE_PRODUCT = YES;
			};
			name = Release;
		};
		5A9C50FF1DAF1C2100A42D28 /* Debug */ = {
			isa = XCBuildConfiguration;
			baseConfigurationReference = 538F2956EA86AE5CC225C8A4 /* Pods-Flicks.debug.xcconfig */;
			buildSettings = {
				ASSETCATALOG_COMPILER_APPICON_NAME = AppIcon;
				INFOPLIST_FILE = Flicks/Info.plist;
				LD_RUNPATH_SEARCH_PATHS = "$(inherited) @executable_path/Frameworks";
				PRODUCT_BUNDLE_IDENTIFIER = com.quochuyngo.Flicks;
				PRODUCT_NAME = "$(TARGET_NAME)";
				SWIFT_VERSION = 3.0;
			};
			name = Debug;
		};
		5A9C51001DAF1C2100A42D28 /* Release */ = {
			isa = XCBuildConfiguration;
			baseConfigurationReference = 535159607924D8124A7AFD59 /* Pods-Flicks.release.xcconfig */;
			buildSettings = {
				ASSETCATALOG_COMPILER_APPICON_NAME = AppIcon;
				INFOPLIST_FILE = Flicks/Info.plist;
				LD_RUNPATH_SEARCH_PATHS = "$(inherited) @executable_path/Frameworks";
				PRODUCT_BUNDLE_IDENTIFIER = com.quochuyngo.Flicks;
				PRODUCT_NAME = "$(TARGET_NAME)";
				SWIFT_VERSION = 3.0;
			};
			name = Release;
		};
/* End XCBuildConfiguration section */

/* Begin XCConfigurationList section */
		5A9C50E71DAF1C2100A42D28 /* Build configuration list for PBXProject "Flicks" */ = {
			isa = XCConfigurationList;
			buildConfigurations = (
				5A9C50FC1DAF1C2100A42D28 /* Debug */,
				5A9C50FD1DAF1C2100A42D28 /* Release */,
			);
			defaultConfigurationIsVisible = 0;
			defaultConfigurationName = Release;
		};
		5A9C50FE1DAF1C2100A42D28 /* Build configuration list for PBXNativeTarget "Flicks" */ = {
			isa = XCConfigurationList;
			buildConfigurations = (
				5A9C50FF1DAF1C2100A42D28 /* Debug */,
				5A9C51001DAF1C2100A42D28 /* Release */,
			);
			defaultConfigurationIsVisible = 0;
			defaultConfigurationName = Release;
		};
/* End XCConfigurationList section */
	};
	rootObject = 5A9C50E41DAF1C2100A42D28 /* Project object */;
}
